
Microsoft Visual Studio Solution File, Format Version 12.00
# Visual Studio Version 16
VisualStudioVersion = 16.0.31605.320
MinimumVisualStudioVersion = 10.0.40219.1
Project("{FAE04EC0-301F-11D3-BF4B-00C04F79EFBC}") = "WebApi", "WebApi.csproj", "{6D0A5699-1370-4E77-A055-72CBEB1A0863}"
EndProject
Global
	GlobalSection(SolutionConfigurationPlatforms) = preSolution
		Debug|Any CPU = Debug|Any CPU
		Release|Any CPU = Release|Any CPU
	EndGlobalSection
	GlobalSection(ProjectConfigurationPlatforms) = postSolution
		{6D0A5699-1370-4E77-A055-72CBEB1A0863}.Debug|Any CPU.ActiveCfg = Debug|Any CPU
		{6D0A5699-1370-4E77-A055-72CBEB1A0863}.Debug|Any CPU.Build.0 = Debug|Any CPU
		{6D0A5699-1370-4E77-A055-72CBEB1A0863}.Release|Any CPU.ActiveCfg = Release|Any CPU
		{6D0A5699-1370-4E77-A055-72CBEB1A0863}.Release|Any CPU.Build.0 = Release|Any CPU
	EndGlobalSection
	GlobalSection(SolutionProperties) = preSolution
		HideSolutionNode = FALSE
	EndGlobalSection
	GlobalSection(ExtensibilityGlobals) = postSolution
		SolutionGuid = {81A158EB-4A0D-4423-A1E6-03CFCAE70559}
	EndGlobalSection
EndGlobal
